
Microsoft Visual Studio Solution File, Format Version 12.00
# Visual Studio Version 17
VisualStudioVersion = 17.5.002.0
MinimumVisualStudioVersion = 10.0.40219.1
Project("{9A19103F-16F7-4668-BE54-9A1E7A4F7556}") = "temperature-console-app", "temperature-console-app.csproj", "{DC3E3198-36AE-42DA-BE70-5E634079F563}"
EndProject
Global
	GlobalSection(SolutionConfigurationPlatforms) = preSolution
		Debug|Any CPU = Debug|Any CPU
		Release|Any CPU = Release|Any CPU
	EndGlobalSection
	GlobalSection(ProjectConfigurationPlatforms) = postSolution
		{DC3E3198-36AE-42DA-BE70-5E634079F563}.Debug|Any CPU.ActiveCfg = Debug|Any CPU
		{DC3E3198-36AE-42DA-BE70-5E634079F563}.Debug|Any CPU.Build.0 = Debug|Any CPU
		{DC3E3198-36AE-42DA-BE70-5E634079F563}.Release|Any CPU.ActiveCfg = Release|Any CPU
		{DC3E3198-36AE-42DA-BE70-5E634079F563}.Release|Any CPU.Build.0 = Release|Any CPU
	EndGlobalSection
	GlobalSection(SolutionProperties) = preSolution
		HideSolutionNode = FALSE
	EndGlobalSection
	GlobalSection(ExtensibilityGlobals) = postSolution
		SolutionGuid = {93D6AE50-0AED-4EAA-B8D3-936418D5BD54}
	EndGlobalSection
EndGlobal
